// !$*UTF8*$!
{
	archiveVersion = 1;
	classes = {
	};
	objectVersion = 46;
	objects = {

/* Begin PBXBuildFile section */
		946B13291F75E33B00D7C32C /* AppDelegate.swift in Sources */ = {isa = PBXBuildFile; fileRef = 946B13281F75E33B00D7C32C /* AppDelegate.swift */; };
		946B132B1F75E33B00D7C32C /* ViewController.swift in Sources */ = {isa = PBXBuildFile; fileRef = 946B132A1F75E33B00D7C32C /* ViewController.swift */; };
		946B132E1F75E33B00D7C32C /* Main.storyboard in Resources */ = {isa = PBXBuildFile; fileRef = 946B132C1F75E33B00D7C32C /* Main.storyboard */; };
		946B13301F75E33C00D7C32C /* Assets.xcassets in Resources */ = {isa = PBXBuildFile; fileRef = 946B132F1F75E33C00D7C32C /* Assets.xcassets */; };
		946B13331F75E33C00D7C32C /* LaunchScreen.storyboard in Resources */ = {isa = PBXBuildFile; fileRef = 946B13311F75E33C00D7C32C /* LaunchScreen.storyboard */; };
/* End PBXBuildFile section */

/* Begin PBXFileReference section */
		946B13251F75E33B00D7C32C /* Bills.app */ = {isa = PBXFileReference; explicitFileType = wrapper.application; includeInIndex = 0; path = Bills.app; sourceTree = BUILT_PRODUCTS_DIR; };
		946B13281F75E33B00D7C32C /* AppDelegate.swift */ = {isa = PBXFileReference; lastKnownFileType = sourcecode.swift; path = AppDelegate.swift; sourceTree = "<group>"; };
		946B132A1F75E33B00D7C32C /* ViewController.swift */ = {isa = PBXFileReference; lastKnownFileType = sourcecode.swift; path = ViewController.swift; sourceTree = "<group>"; };
		946B132D1F75E33B00D7C32C /* Base */ = {isa = PBXFileReference; lastKnownFileType = file.storyboard; name = Base; path = Base.lproj/Main.storyboard; sourceTree = "<group>"; };
		946B132F1F75E33C00D7C32C /* Assets.xcassets */ = {isa = PBXFileReference; lastKnownFileType = folder.assetcatalog; path = Assets.xcassets; sourceTree = "<group>"; };
		946B13321F75E33C00D7C32C /* Base */ = {isa = PBXFileReference; lastKnownFileType = file.storyboard; name = Base; path = Base.lproj/LaunchScreen.storyboard; sourceTree = "<group>"; };
		946B13341F75E33C00D7C32C /* Info.plist */ = {isa = PBXFileReference; lastKnownFileType = text.plist.xml; path = Info.plist; sourceTree = "<group>"; };
/* End PBXFileReference section */

/* Begin PBXFrameworksBuildPhase section */
		946B13221F75E33B00D7C32C /* Frameworks */ = {
			isa = PBXFrameworksBuildPhase;
			buildActionMask = 2147483647;
			files = (
			);
			runOnlyForDeploymentPostprocessing = 0;
		};
/* End PBXFrameworksBuildPhase section */

/* Begin PBXGroup section */
		946B131C1F75E33B00D7C32C = {
			isa = PBXGroup;
			children = (
				946B13271F75E33B00D7C32C /* Bills */,
				946B13261F75E33B00D7C32C /* Products */,
			);
			sourceTree = "<group>";
		};
		946B13261F75E33B00D7C32C /* Products */ = {
			isa = PBXGroup;
			children = (
				946B13251F75E33B00D7C32C /* Bills.app */,
			);
			name = Products;
			sourceTree = "<group>";
		};
		946B13271F75E33B00D7C32C /* Bills */ = {
			isa = PBXGroup;
			children = (
				946B13281F75E33B00D7C32C /* AppDelegate.swift */,
				946B132A1F75E33B00D7C32C /* ViewController.swift */,
				946B132C1F75E33B00D7C32C /* Main.storyboard */,
				946B132F1F75E33C00D7C32C /* Assets.xcassets */,
				946B13311F75E33C00D7C32C /* LaunchScreen.storyboard */,
				946B13341F75E33C00D7C32C /* Info.plist */,
			);
			path = Bills;
			sourceTree = "<group>";
		};
/* End PBXGroup section */

/* Begin PBXNativeTarget section */
		946B13241F75E33B00D7C32C /* Bills */ = {
			isa = PBXNativeTarget;
			buildConfigurationList = 946B13371F75E33C00D7C32C /* Build configuration list for PBXNativeTarget "Bills" */;
			buildPhases = (
				946B13211F75E33B00D7C32C /* Sources */,
				946B13221F75E33B00D7C32C /* Frameworks */,
				946B13231F75E33B00D7C32C /* Resources */,
			);
			buildRules = (
			);
			dependencies = (
			);
			name = Bills;
			productName = Bills;
			productReference = 946B13251F75E33B00D7C32C /* Bills.app */;
			productType = "com.apple.product-type.application";
		};
/* End PBXNativeTarget section */

/* Begin PBXProject section */
		946B131D1F75E33B00D7C32C /* Project object */ = {
			isa = PBXProject;
			attributes = {
				LastSwiftUpdateCheck = 0820;
				LastUpgradeCheck = 0820;
				ORGANIZATIONNAME = "Simply Silver AKY";
				TargetAttributes = {
					946B13241F75E33B00D7C32C = {
						CreatedOnToolsVersion = 8.2.1;
						DevelopmentTeam = RGK5X6Q592;
						ProvisioningStyle = Automatic;
					};
				};
			};
			buildConfigurationList = 946B13201F75E33B00D7C32C /* Build configuration list for PBXProject "Bills" */;
			compatibilityVersion = "Xcode 3.2";
			developmentRegion = English;
			hasScannedForEncodings = 0;
			knownRegions = (
				en,
				Base,
			);
			mainGroup = 946B131C1F75E33B00D7C32C;
			productRefGroup = 946B13261F75E33B00D7C32C /* Products */;
			projectDirPath = "";
			projectRoot = "";
			targets = (
				946B13241F75E33B00D7C32C /* Bills */,
			);
		};
/* End PBXProject section */

/* Begin PBXResourcesBuildPhase section */
		946B13231F75E33B00D7C32C /* Resources */ = {
			isa = PBXResourcesBuildPhase;
			buildActionMask = 2147483647;
			files = (
				946B13331F75E33C00D7C32C /* LaunchScreen.storyboard in Resources */,
				946B13301F75E33C00D7C32C /* Assets.xcassets in Resources */,
				946B132E1F75E33B00D7C32C /* Main.storyboard in Resources */,
			);
			runOnlyForDeploymentPostprocessing = 0;
		};
/* End PBXResourcesBuildPhase section */

/* Begin PBXSourcesBuildPhase section */
		946B13211F75E33B00D7C32C /* Sources */ = {
			isa = PBXSourcesBuildPhase;
			buildActionMask = 2147483647;
			files = (
				946B132B1F75E33B00D7C32C /* ViewController.swift in Sources */,
				946B13291F75E33B00D7C32C /* AppDelegate.swift in Sources */,
			);
			runOnlyForDeploymentPostprocessing = 0;
		};
/* End PBXSourcesBuildPhase section */

/* Begin PBXVariantGroup section */
		946B132C1F75E33B00D7C32C /* Main.storyboard */ = {
			isa = PBXVariantGroup;
			children = (
				946B132D1F75E33B00D7C32C /* Base */,
			);
			name = Main.storyboard;
			sourceTree = "<group>";
		};
		946B13311F75E33C00D7C32C /* LaunchScreen.storyboard */ = {
			isa = PBXVariantGroup;
			children = (
				946B13321F75E33C00D7C32C /* Base */,
			);
			name = LaunchScreen.storyboard;
			sourceTree = "<group>";
		};
/* End PBXVariantGroup section */

/* Begin XCBuildConfiguration section */
		946B13351F75E33C00D7C32C /* Debug */ = {
			isa = XCBuildConfiguration;
			buildSettings = {
				ALWAYS_SEARCH_USER_PATHS = NO;
				CLANG_ANALYZER_NONNULL = YES;
				CLANG_CXX_LANGUAGE_STANDARD = "gnu++0x";
				CLANG_CXX_LIBRARY = "libc++";
				CLANG_ENABLE_MODULES = YES;
				CLANG_ENABLE_OBJC_ARC = YES;
				CLANG_WARN_BOOL_CONVERSION = YES;
				CLANG_WARN_CONSTANT_CONVERSION = YES;
				CLANG_WARN_DIRECT_OBJC_ISA_USAGE = YES_ERROR;
				CLANG_WARN_DOCUMENTATION_COMMENTS = YES;
				CLANG_WARN_EMPTY_BODY = YES;
				CLANG_WARN_ENUM_CONVERSION = YES;
				CLANG_WARN_INFINITE_RECURSION = YES;
				CLANG_WARN_INT_CONVERSION = YES;
				CLANG_WARN_OBJC_ROOT_CLASS = YES_ERROR;
				CLANG_WARN_SUSPICIOUS_MOVE = YES;
				CLANG_WARN_UNREACHABLE_CODE = YES;
				CLANG_WARN__DUPLICATE_METHOD_MATCH = YES;
				"CODE_SIGN_IDENTITY[sdk=iphoneos*]" = "iPhone Developer";
				COPY_PHASE_STRIP = NO;
				DEBUG_INFORMATION_FORMAT = dwarf;
				ENABLE_STRICT_OBJC_MSGSEND = YES;
				ENABLE_TESTABILITY = YES;
				GCC_C_LANGUAGE_STANDARD = gnu99;
				GCC_DYNAMIC_NO_PIC = NO;
				GCC_NO_COMMON_BLOCKS = YES;
				GCC_OPTIMIZATION_LEVEL = 0;
				GCC_PREPROCESSOR_DEFINITIONS = (
					"DEBUG=1",
					"$(inherited)",
				);
				GCC_WARN_64_TO_32_BIT_CONVERSION = YES;
				GCC_WARN_ABOUT_RETURN_TYPE = YES_ERROR;
				GCC_WARN_UNDECLARED_SELECTOR = YES;
				GCC_WARN_UNINITIALIZED_AUTOS = YES_AGGRESSIVE;
				GCC_WARN_UNUSED_FUNCTION = YES;
				GCC_WARN_UNUSED_VARIABLE = YES;
				IPHONEOS_DEPLOYMENT_TARGET = 10.2;
				MTL_ENABLE_DEBUG_INFO = YES;
				ONLY_ACTIVE_ARCH = YES;
				SDKROOT = iphoneos;
				SWIFT_ACTIVE_COMPILATION_CONDITIONS = DEBUG;
				SWIFT_OPTIMIZATION_LEVEL = "-Onone";
			};
			name = Debug;
		};
		946B13361F75E33C00D7C32C /* Release */ = {
			isa = XCBuildConfiguration;
			buildSettings = {
				ALWAYS_SEARCH_USER_PATHS = NO;
				CLANG_ANALYZER_NONNULL = YES;
				CLANG_CXX_LANGUAGE_STANDARD = "gnu++0x";
				CLANG_CXX_LIBRARY = "libc++";
				CLANG_ENABLE_MODULES = YES;
				CLANG_ENABLE_OBJC_ARC = YES;
				CLANG_WARN_BOOL_CONVERSION = YES;
				CLANG_WARN_CONSTANT_CONVERSION = YES;
				CLANG_WARN_DIRECT_OBJC_ISA_USAGE = YES_ERROR;
				CLANG_WARN_DOCUMENTATION_COMMENTS = YES;
				CLANG_WARN_EMPTY_BODY = YES;
				CLANG_WARN_ENUM_CONVERSION = YES;
				CLANG_WARN_INFINITE_RECURSION = YES;
				CLANG_WARN_INT_CONVERSION = YES;
				CLANG_WARN_OBJC_ROOT_CLASS = YES_ERROR;
				CLANG_WARN_SUSPICIOUS_MOVE = YES;
				CLANG_WARN_UNREACHABLE_CODE = YES;
				CLANG_WARN__DUPLICATE_METHOD_MATCH = YES;
				"CODE_SIGN_IDENTITY[sdk=iphoneos*]" = "iPhone Developer";
				COPY_PHASE_STRIP = NO;
				DEBUG_INFORMATION_FORMAT = "dwarf-with-dsym";
				ENABLE_NS_ASSERTIONS = NO;
				ENABLE_STRICT_OBJC_MSGSEND = YES;
				GCC_C_LANGUAGE_STANDARD = gnu99;
				GCC_NO_COMMON_BLOCKS = YES;
				GCC_WARN_64_TO_32_BIT_CONVERSION = YES;
				GCC_WARN_ABOUT_RETURN_TYPE = YES_ERROR;
				GCC_WARN_UNDECLARED_SELECTOR = YES;
				GCC_WARN_UNINITIALIZED_AUTOS = YES_AGGRESSIVE;
				GCC_WARN_UNUSED_FUNCTION = YES;
				GCC_WARN_UNUSED_VARIABLE = YES;
				IPHONEOS_DEPLOYMENT_TARGET = 10.2;
				MTL_ENABLE_DEBUG_INFO = NO;
				SDKROOT = iphoneos;
				SWIFT_OPTIMIZATION_LEVEL = "-Owholemodule";
				VALIDATE_PRODUCT = YES;
			};
			name = Release;
		};
		946B13381F75E33C00D7C32C /* Debug */ = {
			isa = XCBuildConfiguration;
			buildSettings = {
				ASSETCATALOG_COMPILER_APPICON_NAME = AppIcon;
				DEVELOPMENT_TEAM = RGK5X6Q592;
				INFOPLIST_FILE = Bills/Info.plist;
				LD_RUNPATH_SEARCH_PATHS = "$(inherited) @executable_path/Frameworks";
				PRODUCT_BUNDLE_IDENTIFIER = none.Bills;
				PRODUCT_NAME = "$(TARGET_NAME)";
				SWIFT_VERSION = 3.0;
			};
			name = Debug;
		};
		946B13391F75E33C00D7C32C /* Release */ = {
			isa = XCBuildConfiguration;
			buildSettings = {
				ASSETCATALOG_COMPILER_APPICON_NAME = AppIcon;
				DEVELOPMENT_TEAM = RGK5X6Q592;
				INFOPLIST_FILE = Bills/Info.plist;
				LD_RUNPATH_SEARCH_PATHS = "$(inherited) @executable_path/Frameworks";
				PRODUCT_BUNDLE_IDENTIFIER = none.Bills;
				PRODUCT_NAME = "$(TARGET_NAME)";
				SWIFT_VERSION = 3.0;
			};
			name = Release;
		};
/* End XCBuildConfiguration section */

/* Begin XCConfigurationList section */
		946B13201F75E33B00D7C32C /* Build configuration list for PBXProject "Bills" */ = {
			isa = XCConfigurationList;
			buildConfigurations = (
				946B13351F75E33C00D7C32C /* Debug */,
				946B13361F75E33C00D7C32C /* Release */,
			);
			defaultConfigurationIsVisible = 0;
			defaultConfigurationName = Release;
		};
		946B13371F75E33C00D7C32C /* Build configuration list for PBXNativeTarget "Bills" */ = {
			isa = XCConfigurationList;
			buildConfigurations = (
				946B13381F75E33C00D7C32C /* Debug */,
				946B13391F75E33C00D7C32C /* Release */,
			);
			defaultConfigurationIsVisible = 0;
		};
/* End XCConfigurationList section */
	};
	rootObject = 946B131D1F75E33B00D7C32C /* Project object */;
}
